
Microsoft Visual Studio Solution File, Format Version 12.00
# Visual Studio Version 17
VisualStudioVersion = 17.14.36408.4 d17.14
MinimumVisualStudioVersion = 10.0.40219.1
Project("{FAE04EC0-301F-11D3-BF4B-00C04F79EFBC}") = "Shooter", "Shooter\Shooter.csproj", "{8C639F99-B22C-485C-88AF-2B9D84244DCC}"
EndProject
Global
	GlobalSection(SolutionConfigurationPlatforms) = preSolution
		Debug|Any CPU = Debug|Any CPU
		Release|Any CPU = Release|Any CPU
	EndGlobalSection
	GlobalSection(ProjectConfigurationPlatforms) = postSolution
		{8C639F99-B22C-485C-88AF-2B9D84244DCC}.Debug|Any CPU.ActiveCfg = Debug|Any CPU
		{8C639F99-B22C-485C-88AF-2B9D84244DCC}.Debug|Any CPU.Build.0 = Debug|Any CPU
		{8C639F99-B22C-485C-88AF-2B9D84244DCC}.Release|Any CPU.ActiveCfg = Release|Any CPU
		{8C639F99-B22C-485C-88AF-2B9D84244DCC}.Release|Any CPU.Build.0 = Release|Any CPU
	EndGlobalSection
	GlobalSection(SolutionProperties) = preSolution
		HideSolutionNode = FALSE
	EndGlobalSection
	GlobalSection(ExtensibilityGlobals) = postSolution
		SolutionGuid = {9B83DD74-A51B-40C2-A2CB-E5E1C44DC6E3}
	EndGlobalSection
EndGlobal
